
Microsoft Visual Studio Solution File, Format Version 12.00
# Visual Studio 15
VisualStudioVersion = 15.0.26730.10
MinimumVisualStudioVersion = 10.0.40219.1
Project("{2150E333-8FDC-42A3-9474-1A3956D46DE8}") = "src", "src", "{D6C35AE3-DA70-4821-BADF-3DA7118A4060}"
EndProject
Project("{2150E333-8FDC-42A3-9474-1A3956D46DE8}") = "lib", "lib", "{2C2C0DA6-CC9D-4D64-9B92-8ACE07F54E71}"
EndProject
Project("{9A19103F-16F7-4668-BE54-9A1E7A4F7556}") = "EHR.FhirServer", "src\EHR.FhirServer\EHR.FhirServer.csproj", "{8CC9DFA3-4F18-4400-94B5-ED58802AC5C5}"
EndProject
Project("{2150E333-8FDC-42A3-9474-1A3956D46DE8}") = "src", "src", "{0F5421E2-5DBA-4490-BAA9-42B22D850790}"
EndProject
Project("{2150E333-8FDC-42A3-9474-1A3956D46DE8}") = "test", "test", "{AC4FAD87-FDAA-45C7-888B-6869F819A4D8}"
EndProject
Project("{9A19103F-16F7-4668-BE54-9A1E7A4F7556}") = "Hl7.Fhir.Core.NetCore", "src\lib\fhir-net-api\src\Hl7.Fhir.Core\Hl7.Fhir.Core.NetCore.csproj", "{E185813F-FFF9-401A-8197-028752E9928D}"
EndProject
Project("{9A19103F-16F7-4668-BE54-9A1E7A4F7556}") = "Hl7.Fhir.Core.NetCore.Tests", "src\lib\fhir-net-api\src\Hl7.Fhir.Core.Tests\Hl7.Fhir.Core.NetCore.Tests.csproj", "{42F7C948-C17C-43C8-8CEB-3608CF7FBBE3}"
EndProject
Project("{E53339B2-1760-4266-BCC7-CA923CBCF16C}") = "docker-compose", "docker-compose.dcproj", "{AE05C745-309B-4AD8-BB76-407B38BA5C30}"
EndProject
Project("{9A19103F-16F7-4668-BE54-9A1E7A4F7556}") = "EHR.ServerEvent.Infrastructure", "src\EHR.ServerEvent.Infrastructure\EHR.ServerEvent.Infrastructure.csproj", "{7F8EC047-6599-47EA-BC1E-2AD80F774CBF}"
EndProject
Project("{2150E333-8FDC-42A3-9474-1A3956D46DE8}") = "ServerEvent", "ServerEvent", "{E12A24B0-97CC-4EF3-8FFD-540B8E169CCB}"
EndProject
Project("{9A19103F-16F7-4668-BE54-9A1E7A4F7556}") = "EHR.ServerEvent.Publisher", "src\EHR.ServerEvent.Publisher\EHR.ServerEvent.Publisher.csproj", "{4AB22F38-E2BC-47D0-9DDE-21B7FA6894FD}"
EndProject
Project("{9A19103F-16F7-4668-BE54-9A1E7A4F7556}") = "EHR.FhirServer.Infrastructure", "src\EHR.FhirServer.Infrastructure\EHR.FhirServer.Infrastructure.csproj", "{3B64F189-BDA8-4371-9ABF-999FA93B1FE6}"
EndProject
Project("{9A19103F-16F7-4668-BE54-9A1E7A4F7556}") = "EHR.ServerEvent.Subscriber", "src\EHR.ServerEvent.Subscriber\EHR.ServerEvent.Subscriber.csproj", "{23BDE3E0-AE4B-4911-9DF6-DB1823D77EDA}"
EndProject
Project("{9A19103F-16F7-4668-BE54-9A1E7A4F7556}") = "EHR.Cds.Infrastructure", "src\EHR.Cds.Infrastructure\EHR.Cds.Infrastructure.csproj", "{FCEE7071-FCC7-4204-9A9E-2C5CF02A4EFB}"
EndProject
Project("{9A19103F-16F7-4668-BE54-9A1E7A4F7556}") = "EHR.Cds.Models", "src\EHR.Cds.Models\EHR.Cds.Models.csproj", "{B40193F2-3B68-4821-A7CC-DE08790866E4}"
EndProject
Project("{2150E333-8FDC-42A3-9474-1A3956D46DE8}") = "CDS", "CDS", "{6C698030-1D87-40DE-B894-B9B96B58A543}"
EndProject
Project("{9A19103F-16F7-4668-BE54-9A1E7A4F7556}") = "EHR.Cds.Hooks", "src\EHR.Cds.Hooks\EHR.Cds.Hooks.csproj", "{87A58813-2B1B-4064-8ABB-3E840EA8DEFE}"
EndProject
Project("{9A19103F-16F7-4668-BE54-9A1E7A4F7556}") = "EHR.Cds.Host", "src\EHR.Cds.Host\EHR.Cds.Host.csproj", "{45B8CA6D-242A-482D-83B8-01E831627083}"
EndProject
Project("{2150E333-8FDC-42A3-9474-1A3956D46DE8}") = "SickLeaf", "SickLeaf", "{41404885-4898-485C-AF98-5060B9307AAC}"
EndProject
Project("{9A19103F-16F7-4668-BE54-9A1E7A4F7556}") = "EHR.SickLeaf.Viewer", "src\EHR.SickLeaf.Viewer\EHR.SickLeaf.Viewer.csproj", "{455FF195-FA71-4C06-A838-C4C51AC2F384}"
EndProject
Project("{9A19103F-16F7-4668-BE54-9A1E7A4F7556}") = "StatisticalCode.Extensions", "src\StatisticalCode.Extensions\StatisticalCode.Extensions.csproj", "{A122CA75-C0CF-4C3A-A5BA-888CC6ECA2EC}"
EndProject
Global
	GlobalSection(SolutionConfigurationPlatforms) = preSolution
		Debug|Any CPU = Debug|Any CPU
		Release|Any CPU = Release|Any CPU
	EndGlobalSection
	GlobalSection(ProjectConfigurationPlatforms) = postSolution
		{8CC9DFA3-4F18-4400-94B5-ED58802AC5C5}.Debug|Any CPU.ActiveCfg = Debug|Any CPU
		{8CC9DFA3-4F18-4400-94B5-ED58802AC5C5}.Debug|Any CPU.Build.0 = Debug|Any CPU
		{8CC9DFA3-4F18-4400-94B5-ED58802AC5C5}.Release|Any CPU.ActiveCfg = Release|Any CPU
		{8CC9DFA3-4F18-4400-94B5-ED58802AC5C5}.Release|Any CPU.Build.0 = Release|Any CPU
		{E185813F-FFF9-401A-8197-028752E9928D}.Debug|Any CPU.ActiveCfg = Debug|Any CPU
		{E185813F-FFF9-401A-8197-028752E9928D}.Debug|Any CPU.Build.0 = Debug|Any CPU
		{E185813F-FFF9-401A-8197-028752E9928D}.Release|Any CPU.ActiveCfg = Release|Any CPU
		{E185813F-FFF9-401A-8197-028752E9928D}.Release|Any CPU.Build.0 = Release|Any CPU
		{42F7C948-C17C-43C8-8CEB-3608CF7FBBE3}.Debug|Any CPU.ActiveCfg = Debug|Any CPU
		{42F7C948-C17C-43C8-8CEB-3608CF7FBBE3}.Debug|Any CPU.Build.0 = Debug|Any CPU
		{42F7C948-C17C-43C8-8CEB-3608CF7FBBE3}.Release|Any CPU.ActiveCfg = Release|Any CPU
		{42F7C948-C17C-43C8-8CEB-3608CF7FBBE3}.Release|Any CPU.Build.0 = Release|Any CPU
		{AE05C745-309B-4AD8-BB76-407B38BA5C30}.Debug|Any CPU.ActiveCfg = Debug|Any CPU
		{AE05C745-309B-4AD8-BB76-407B38BA5C30}.Debug|Any CPU.Build.0 = Debug|Any CPU
		{AE05C745-309B-4AD8-BB76-407B38BA5C30}.Release|Any CPU.ActiveCfg = Release|Any CPU
		{AE05C745-309B-4AD8-BB76-407B38BA5C30}.Release|Any CPU.Build.0 = Release|Any CPU
		{7F8EC047-6599-47EA-BC1E-2AD80F774CBF}.Debug|Any CPU.ActiveCfg = Debug|Any CPU
		{7F8EC047-6599-47EA-BC1E-2AD80F774CBF}.Debug|Any CPU.Build.0 = Debug|Any CPU
		{7F8EC047-6599-47EA-BC1E-2AD80F774CBF}.Release|Any CPU.ActiveCfg = Release|Any CPU
		{7F8EC047-6599-47EA-BC1E-2AD80F774CBF}.Release|Any CPU.Build.0 = Release|Any CPU
		{4AB22F38-E2BC-47D0-9DDE-21B7FA6894FD}.Debug|Any CPU.ActiveCfg = Debug|Any CPU
		{4AB22F38-E2BC-47D0-9DDE-21B7FA6894FD}.Debug|Any CPU.Build.0 = Debug|Any CPU
		{4AB22F38-E2BC-47D0-9DDE-21B7FA6894FD}.Release|Any CPU.ActiveCfg = Release|Any CPU
		{4AB22F38-E2BC-47D0-9DDE-21B7FA6894FD}.Release|Any CPU.Build.0 = Release|Any CPU
		{3B64F189-BDA8-4371-9ABF-999FA93B1FE6}.Debug|Any CPU.ActiveCfg = Debug|Any CPU
		{3B64F189-BDA8-4371-9ABF-999FA93B1FE6}.Debug|Any CPU.Build.0 = Debug|Any CPU
		{3B64F189-BDA8-4371-9ABF-999FA93B1FE6}.Release|Any CPU.ActiveCfg = Release|Any CPU
		{3B64F189-BDA8-4371-9ABF-999FA93B1FE6}.Release|Any CPU.Build.0 = Release|Any CPU
		{23BDE3E0-AE4B-4911-9DF6-DB1823D77EDA}.Debug|Any CPU.ActiveCfg = Debug|Any CPU
		{23BDE3E0-AE4B-4911-9DF6-DB1823D77EDA}.Debug|Any CPU.Build.0 = Debug|Any CPU
		{23BDE3E0-AE4B-4911-9DF6-DB1823D77EDA}.Release|Any CPU.ActiveCfg = Release|Any CPU
		{23BDE3E0-AE4B-4911-9DF6-DB1823D77EDA}.Release|Any CPU.Build.0 = Release|Any CPU
		{FCEE7071-FCC7-4204-9A9E-2C5CF02A4EFB}.Debug|Any CPU.ActiveCfg = Debug|Any CPU
		{FCEE7071-FCC7-4204-9A9E-2C5CF02A4EFB}.Debug|Any CPU.Build.0 = Debug|Any CPU
		{FCEE7071-FCC7-4204-9A9E-2C5CF02A4EFB}.Release|Any CPU.ActiveCfg = Release|Any CPU
		{FCEE7071-FCC7-4204-9A9E-2C5CF02A4EFB}.Release|Any CPU.Build.0 = Release|Any CPU
		{B40193F2-3B68-4821-A7CC-DE08790866E4}.Debug|Any CPU.ActiveCfg = Debug|Any CPU
		{B40193F2-3B68-4821-A7CC-DE08790866E4}.Debug|Any CPU.Build.0 = Debug|Any CPU
		{B40193F2-3B68-4821-A7CC-DE08790866E4}.Release|Any CPU.ActiveCfg = Release|Any CPU
		{B40193F2-3B68-4821-A7CC-DE08790866E4}.Release|Any CPU.Build.0 = Release|Any CPU
		{87A58813-2B1B-4064-8ABB-3E840EA8DEFE}.Debug|Any CPU.ActiveCfg = Debug|Any CPU
		{87A58813-2B1B-4064-8ABB-3E840EA8DEFE}.Debug|Any CPU.Build.0 = Debug|Any CPU
		{87A58813-2B1B-4064-8ABB-3E840EA8DEFE}.Release|Any CPU.ActiveCfg = Release|Any CPU
		{87A58813-2B1B-4064-8ABB-3E840EA8DEFE}.Release|Any CPU.Build.0 = Release|Any CPU
		{45B8CA6D-242A-482D-83B8-01E831627083}.Debug|Any CPU.ActiveCfg = Debug|Any CPU
		{45B8CA6D-242A-482D-83B8-01E831627083}.Debug|Any CPU.Build.0 = Debug|Any CPU
		{45B8CA6D-242A-482D-83B8-01E831627083}.Release|Any CPU.ActiveCfg = Release|Any CPU
		{45B8CA6D-242A-482D-83B8-01E831627083}.Release|Any CPU.Build.0 = Release|Any CPU
		{455FF195-FA71-4C06-A838-C4C51AC2F384}.Debug|Any CPU.ActiveCfg = Debug|Any CPU
		{455FF195-FA71-4C06-A838-C4C51AC2F384}.Debug|Any CPU.Build.0 = Debug|Any CPU
		{455FF195-FA71-4C06-A838-C4C51AC2F384}.Release|Any CPU.ActiveCfg = Release|Any CPU
		{455FF195-FA71-4C06-A838-C4C51AC2F384}.Release|Any CPU.Build.0 = Release|Any CPU
		{A122CA75-C0CF-4C3A-A5BA-888CC6ECA2EC}.Debug|Any CPU.ActiveCfg = Debug|Any CPU
		{A122CA75-C0CF-4C3A-A5BA-888CC6ECA2EC}.Debug|Any CPU.Build.0 = Debug|Any CPU
		{A122CA75-C0CF-4C3A-A5BA-888CC6ECA2EC}.Release|Any CPU.ActiveCfg = Release|Any CPU
		{A122CA75-C0CF-4C3A-A5BA-888CC6ECA2EC}.Release|Any CPU.Build.0 = Release|Any CPU
	EndGlobalSection
	GlobalSection(SolutionProperties) = preSolution
		HideSolutionNode = FALSE
	EndGlobalSection
	GlobalSection(NestedProjects) = preSolution
		{8CC9DFA3-4F18-4400-94B5-ED58802AC5C5} = {D6C35AE3-DA70-4821-BADF-3DA7118A4060}
		{0F5421E2-5DBA-4490-BAA9-42B22D850790} = {2C2C0DA6-CC9D-4D64-9B92-8ACE07F54E71}
		{AC4FAD87-FDAA-45C7-888B-6869F819A4D8} = {2C2C0DA6-CC9D-4D64-9B92-8ACE07F54E71}
		{E185813F-FFF9-401A-8197-028752E9928D} = {0F5421E2-5DBA-4490-BAA9-42B22D850790}
		{42F7C948-C17C-43C8-8CEB-3608CF7FBBE3} = {AC4FAD87-FDAA-45C7-888B-6869F819A4D8}
		{7F8EC047-6599-47EA-BC1E-2AD80F774CBF} = {E12A24B0-97CC-4EF3-8FFD-540B8E169CCB}
		{E12A24B0-97CC-4EF3-8FFD-540B8E169CCB} = {D6C35AE3-DA70-4821-BADF-3DA7118A4060}
		{4AB22F38-E2BC-47D0-9DDE-21B7FA6894FD} = {E12A24B0-97CC-4EF3-8FFD-540B8E169CCB}
		{3B64F189-BDA8-4371-9ABF-999FA93B1FE6} = {D6C35AE3-DA70-4821-BADF-3DA7118A4060}
		{23BDE3E0-AE4B-4911-9DF6-DB1823D77EDA} = {E12A24B0-97CC-4EF3-8FFD-540B8E169CCB}
		{FCEE7071-FCC7-4204-9A9E-2C5CF02A4EFB} = {6C698030-1D87-40DE-B894-B9B96B58A543}
		{B40193F2-3B68-4821-A7CC-DE08790866E4} = {6C698030-1D87-40DE-B894-B9B96B58A543}
		{6C698030-1D87-40DE-B894-B9B96B58A543} = {D6C35AE3-DA70-4821-BADF-3DA7118A4060}
		{87A58813-2B1B-4064-8ABB-3E840EA8DEFE} = {6C698030-1D87-40DE-B894-B9B96B58A543}
		{45B8CA6D-242A-482D-83B8-01E831627083} = {6C698030-1D87-40DE-B894-B9B96B58A543}
		{41404885-4898-485C-AF98-5060B9307AAC} = {D6C35AE3-DA70-4821-BADF-3DA7118A4060}
		{455FF195-FA71-4C06-A838-C4C51AC2F384} = {41404885-4898-485C-AF98-5060B9307AAC}
		{A122CA75-C0CF-4C3A-A5BA-888CC6ECA2EC} = {41404885-4898-485C-AF98-5060B9307AAC}
	EndGlobalSection
	GlobalSection(ExtensibilityGlobals) = postSolution
		SolutionGuid = {2187647D-33D6-438E-9A69-7E4966E92251}
	EndGlobalSection
EndGlobal
